
Microsoft Visual Studio Solution File, Format Version 12.00
Project("{FAE04EC0-301F-11D3-BF4B-00C04F79EFBC}") = "Server", "Server\Server.csproj", "{5B2C9091-1FCC-460C-A962-DEE14873F029}"
EndProject
Project("{FAE04EC0-301F-11D3-BF4B-00C04F79EFBC}") = "Client", "Client\Client.csproj", "{064E8D70-BE6B-41DB-AA36-F242C3FAB7FD}"
EndProject
Global
	GlobalSection(SolutionConfigurationPlatforms) = preSolution
		Debug|Any CPU = Debug|Any CPU
		Release|Any CPU = Release|Any CPU
	EndGlobalSection
	GlobalSection(ProjectConfigurationPlatforms) = postSolution
		{5B2C9091-1FCC-460C-A962-DEE14873F029}.Debug|Any CPU.ActiveCfg = Debug|Any CPU
		{5B2C9091-1FCC-460C-A962-DEE14873F029}.Debug|Any CPU.Build.0 = Debug|Any CPU
		{5B2C9091-1FCC-460C-A962-DEE14873F029}.Release|Any CPU.ActiveCfg = Release|Any CPU
		{5B2C9091-1FCC-460C-A962-DEE14873F029}.Release|Any CPU.Build.0 = Release|Any CPU
		{064E8D70-BE6B-41DB-AA36-F242C3FAB7FD}.Debug|Any CPU.ActiveCfg = Debug|Any CPU
		{064E8D70-BE6B-41DB-AA36-F242C3FAB7FD}.Debug|Any CPU.Build.0 = Debug|Any CPU
		{064E8D70-BE6B-41DB-AA36-F242C3FAB7FD}.Release|Any CPU.ActiveCfg = Release|Any CPU
		{064E8D70-BE6B-41DB-AA36-F242C3FAB7FD}.Release|Any CPU.Build.0 = Release|Any CPU
	EndGlobalSection
EndGlobal
